
Microsoft Visual Studio Solution File, Format Version 12.00
Project("{FAE04EC0-301F-11D3-BF4B-00C04F79EFBC}") = "VitrualProductOwner", "VitrualProductOwner\VitrualProductOwner.csproj", "{41C95608-BDC9-4BBF-818A-D2D9D2159EF9}"
EndProject
Project("{FAE04EC0-301F-11D3-BF4B-00C04F79EFBC}") = "VirtualProductOwner.Tests", "VirtualProductOwner.Tests\VirtualProductOwner.Tests.csproj", "{0B3E7F4C-5E31-4D6A-8A17-9A2C9F5EAB12}"
EndProject
Global
	GlobalSection(SolutionConfigurationPlatforms) = preSolution
		Debug|Any CPU = Debug|Any CPU
		Release|Any CPU = Release|Any CPU
	EndGlobalSection
	GlobalSection(ProjectConfigurationPlatforms) = postSolution
		{41C95608-BDC9-4BBF-818A-D2D9D2159EF9}.Debug|Any CPU.ActiveCfg = Debug|Any CPU
		{41C95608-BDC9-4BBF-818A-D2D9D2159EF9}.Debug|Any CPU.Build.0 = Debug|Any CPU
		{41C95608-BDC9-4BBF-818A-D2D9D2159EF9}.Release|Any CPU.ActiveCfg = Release|Any CPU
		{41C95608-BDC9-4BBF-818A-D2D9D2159EF9}.Release|Any CPU.Build.0 = Release|Any CPU
		{0B3E7F4C-5E31-4D6A-8A17-9A2C9F5EAB12}.Debug|Any CPU.ActiveCfg = Debug|Any CPU
		{0B3E7F4C-5E31-4D6A-8A17-9A2C9F5EAB12}.Debug|Any CPU.Build.0 = Debug|Any CPU
		{0B3E7F4C-5E31-4D6A-8A17-9A2C9F5EAB12}.Release|Any CPU.ActiveCfg = Release|Any CPU
		{0B3E7F4C-5E31-4D6A-8A17-9A2C9F5EAB12}.Release|Any CPU.Build.0 = Release|Any CPU
	EndGlobalSection
EndGlobal
